// !$*UTF8*$!
{
	archiveVersion = 1;
	classes = {
	};
	objectVersion = 50;
	objects = {

/* Begin PBXBuildFile section */
		81B5012026FCAE4F003DCAC4 /* Shader.metal in Sources */ = {isa = PBXBuildFile; fileRef = 81B5011F26FCAE4F003DCAC4 /* Shader.metal */; };
		81B5012226FCAEF8003DCAC4 /* Renderer.swift in Sources */ = {isa = PBXBuildFile; fileRef = 81B5012126FCAEF8003DCAC4 /* Renderer.swift */; };
		81DED96926FB802000EAFE5F /* WindowController.swift in Sources */ = {isa = PBXBuildFile; fileRef = 81DED96726FB802000EAFE5F /* WindowController.swift */; };
		81F806D726F16AFA0090649D /* AppDelegate.swift in Sources */ = {isa = PBXBuildFile; fileRef = 81F806D626F16AFA0090649D /* AppDelegate.swift */; };
		81F806D926F16AFA0090649D /* ViewController.swift in Sources */ = {isa = PBXBuildFile; fileRef = 81F806D826F16AFA0090649D /* ViewController.swift */; };
		81F806DB26F16AFC0090649D /* Assets.xcassets in Resources */ = {isa = PBXBuildFile; fileRef = 81F806DA26F16AFC0090649D /* Assets.xcassets */; };
		81F806E726F16B0B0090649D /* main.swift in Sources */ = {isa = PBXBuildFile; fileRef = 81F806E626F16B0B0090649D /* main.swift */; };
		81F806E926F16BA80090649D /* AppMenu.swift in Sources */ = {isa = PBXBuildFile; fileRef = 81F806E826F16BA80090649D /* AppMenu.swift */; };
/* End PBXBuildFile section */

/* Begin PBXFileReference section */
		81B5011F26FCAE4F003DCAC4 /* Shader.metal */ = {isa = PBXFileReference; lastKnownFileType = sourcecode.metal; path = Shader.metal; sourceTree = "<group>"; };
		81B5012126FCAEF8003DCAC4 /* Renderer.swift */ = {isa = PBXFileReference; lastKnownFileType = sourcecode.swift; path = Renderer.swift; sourceTree = "<group>"; };
		81DED96726FB802000EAFE5F /* WindowController.swift */ = {isa = PBXFileReference; lastKnownFileType = sourcecode.swift; path = WindowController.swift; sourceTree = "<group>"; };
		81F806D326F16AFA0090649D /* TheGame.app */ = {isa = PBXFileReference; explicitFileType = wrapper.application; includeInIndex = 0; path = TheGame.app; sourceTree = BUILT_PRODUCTS_DIR; };
		81F806D626F16AFA0090649D /* AppDelegate.swift */ = {isa = PBXFileReference; lastKnownFileType = sourcecode.swift; path = AppDelegate.swift; sourceTree = "<group>"; };
		81F806D826F16AFA0090649D /* ViewController.swift */ = {isa = PBXFileReference; lastKnownFileType = sourcecode.swift; path = ViewController.swift; sourceTree = "<group>"; };
		81F806DA26F16AFC0090649D /* Assets.xcassets */ = {isa = PBXFileReference; lastKnownFileType = folder.assetcatalog; path = Assets.xcassets; sourceTree = "<group>"; };
		81F806DF26F16AFC0090649D /* Info.plist */ = {isa = PBXFileReference; lastKnownFileType = text.plist.xml; path = Info.plist; sourceTree = "<group>"; };
		81F806E026F16AFC0090649D /* TheGame.entitlements */ = {isa = PBXFileReference; lastKnownFileType = text.plist.entitlements; path = TheGame.entitlements; sourceTree = "<group>"; };
		81F806E626F16B0B0090649D /* main.swift */ = {isa = PBXFileReference; lastKnownFileType = sourcecode.swift; path = main.swift; sourceTree = "<group>"; };
		81F806E826F16BA80090649D /* AppMenu.swift */ = {isa = PBXFileReference; lastKnownFileType = sourcecode.swift; path = AppMenu.swift; sourceTree = "<group>"; };
/* End PBXFileReference section */

/* Begin PBXFrameworksBuildPhase section */
		81F806D026F16AFA0090649D /* Frameworks */ = {
			isa = PBXFrameworksBuildPhase;
			buildActionMask = 2147483647;
			files = (
			);
			runOnlyForDeploymentPostprocessing = 0;
		};
/* End PBXFrameworksBuildPhase section */

/* Begin PBXGroup section */
		81F806CA26F16AFA0090649D = {
			isa = PBXGroup;
			children = (
				81F806D526F16AFA0090649D /* TheGame */,
				81F806D426F16AFA0090649D /* Products */,
			);
			sourceTree = "<group>";
		};
		81F806D426F16AFA0090649D /* Products */ = {
			isa = PBXGroup;
			children = (
				81F806D326F16AFA0090649D /* TheGame.app */,
			);
			name = Products;
			sourceTree = "<group>";
		};
		81F806D526F16AFA0090649D /* TheGame */ = {
			isa = PBXGroup;
			children = (
				81F806E626F16B0B0090649D /* main.swift */,
				81F806E826F16BA80090649D /* AppMenu.swift */,
				81F806D626F16AFA0090649D /* AppDelegate.swift */,
				81F806D826F16AFA0090649D /* ViewController.swift */,
				81B5011F26FCAE4F003DCAC4 /* Shader.metal */,
				81F806DA26F16AFC0090649D /* Assets.xcassets */,
				81F806DF26F16AFC0090649D /* Info.plist */,
				81F806E026F16AFC0090649D /* TheGame.entitlements */,
				81DED96726FB802000EAFE5F /* WindowController.swift */,
				81B5012126FCAEF8003DCAC4 /* Renderer.swift */,
			);
			path = TheGame;
			sourceTree = "<group>";
		};
/* End PBXGroup section */

/* Begin PBXNativeTarget section */
		81F806D226F16AFA0090649D /* TheGame */ = {
			isa = PBXNativeTarget;
			buildConfigurationList = 81F806E326F16AFC0090649D /* Build configuration list for PBXNativeTarget "TheGame" */;
			buildPhases = (
				81F806CF26F16AFA0090649D /* Sources */,
				81F806D026F16AFA0090649D /* Frameworks */,
				81F806D126F16AFA0090649D /* Resources */,
			);
			buildRules = (
			);
			dependencies = (
			);
			name = TheGame;
			productName = TheGame;
			productReference = 81F806D326F16AFA0090649D /* TheGame.app */;
			productType = "com.apple.product-type.application";
		};
/* End PBXNativeTarget section */

/* Begin PBXProject section */
		81F806CB26F16AFA0090649D /* Project object */ = {
			isa = PBXProject;
			attributes = {
				LastSwiftUpdateCheck = 1250;
				LastUpgradeCheck = 1300;
				TargetAttributes = {
					81F806D226F16AFA0090649D = {
						CreatedOnToolsVersion = 12.5.1;
					};
				};
			};
			buildConfigurationList = 81F806CE26F16AFA0090649D /* Build configuration list for PBXProject "TheGame" */;
			compatibilityVersion = "Xcode 9.3";
			developmentRegion = en;
			hasScannedForEncodings = 0;
			knownRegions = (
				en,
				Base,
			);
			mainGroup = 81F806CA26F16AFA0090649D;
			productRefGroup = 81F806D426F16AFA0090649D /* Products */;
			projectDirPath = "";
			projectRoot = "";
			targets = (
				81F806D226F16AFA0090649D /* TheGame */,
			);
		};
/* End PBXProject section */

/* Begin PBXResourcesBuildPhase section */
		81F806D126F16AFA0090649D /* Resources */ = {
			isa = PBXResourcesBuildPhase;
			buildActionMask = 2147483647;
			files = (
				81F806DB26F16AFC0090649D /* Assets.xcassets in Resources */,
			);
			runOnlyForDeploymentPostprocessing = 0;
		};
/* End PBXResourcesBuildPhase section */

/* Begin PBXSourcesBuildPhase section */
		81F806CF26F16AFA0090649D /* Sources */ = {
			isa = PBXSourcesBuildPhase;
			buildActionMask = 2147483647;
			files = (
				81B5012026FCAE4F003DCAC4 /* Shader.metal in Sources */,
				81F806D926F16AFA0090649D /* ViewController.swift in Sources */,
				81B5012226FCAEF8003DCAC4 /* Renderer.swift in Sources */,
				81F806D726F16AFA0090649D /* AppDelegate.swift in Sources */,
				81DED96926FB802000EAFE5F /* WindowController.swift in Sources */,
				81F806E926F16BA80090649D /* AppMenu.swift in Sources */,
				81F806E726F16B0B0090649D /* main.swift in Sources */,
			);
			runOnlyForDeploymentPostprocessing = 0;
		};
/* End PBXSourcesBuildPhase section */

/* Begin XCBuildConfiguration section */
		81F806E126F16AFC0090649D /* Debug */ = {
			isa = XCBuildConfiguration;
			buildSettings = {
				ALWAYS_SEARCH_USER_PATHS = NO;
				CLANG_ANALYZER_NONNULL = YES;
				CLANG_ANALYZER_NUMBER_OBJECT_CONVERSION = YES_AGGRESSIVE;
				CLANG_CXX_LANGUAGE_STANDARD = "gnu++14";
				CLANG_CXX_LIBRARY = "libc++";
				CLANG_ENABLE_MODULES = YES;
				CLANG_ENABLE_OBJC_ARC = YES;
				CLANG_ENABLE_OBJC_WEAK = YES;
				CLANG_WARN_BLOCK_CAPTURE_AUTORELEASING = YES;
				CLANG_WARN_BOOL_CONVERSION = YES;
				CLANG_WARN_COMMA = YES;
				CLANG_WARN_CONSTANT_CONVERSION = YES;
				CLANG_WARN_DEPRECATED_OBJC_IMPLEMENTATIONS = YES;
				CLANG_WARN_DIRECT_OBJC_ISA_USAGE = YES_ERROR;
				CLANG_WARN_DOCUMENTATION_COMMENTS = YES;
				CLANG_WARN_EMPTY_BODY = YES;
				CLANG_WARN_ENUM_CONVERSION = YES;
				CLANG_WARN_INFINITE_RECURSION = YES;
				CLANG_WARN_INT_CONVERSION = YES;
				CLANG_WARN_NON_LITERAL_NULL_CONVERSION = YES;
				CLANG_WARN_OBJC_IMPLICIT_RETAIN_SELF = YES;
				CLANG_WARN_OBJC_LITERAL_CONVERSION = YES;
				CLANG_WARN_OBJC_ROOT_CLASS = YES_ERROR;
				CLANG_WARN_QUOTED_INCLUDE_IN_FRAMEWORK_HEADER = YES;
				CLANG_WARN_RANGE_LOOP_ANALYSIS = YES;
				CLANG_WARN_STRICT_PROTOTYPES = YES;
				CLANG_WARN_SUSPICIOUS_MOVE = YES;
				CLANG_WARN_UNGUARDED_AVAILABILITY = YES_AGGRESSIVE;
				CLANG_WARN_UNREACHABLE_CODE = YES;
				CLANG_WARN__DUPLICATE_METHOD_MATCH = YES;
				COPY_PHASE_STRIP = NO;
				DEBUG_INFORMATION_FORMAT = dwarf;
				ENABLE_STRICT_OBJC_MSGSEND = YES;
				ENABLE_TESTABILITY = YES;
				GCC_C_LANGUAGE_STANDARD = gnu11;
				GCC_DYNAMIC_NO_PIC = NO;
				GCC_NO_COMMON_BLOCKS = YES;
				GCC_OPTIMIZATION_LEVEL = 0;
				GCC_PREPROCESSOR_DEFINITIONS = (
					"DEBUG=1",
					"$(inherited)",
				);
				GCC_WARN_64_TO_32_BIT_CONVERSION = YES;
				GCC_WARN_ABOUT_RETURN_TYPE = YES_ERROR;
				GCC_WARN_UNDECLARED_SELECTOR = YES;
				GCC_WARN_UNINITIALIZED_AUTOS = YES_AGGRESSIVE;
				GCC_WARN_UNUSED_FUNCTION = YES;
				GCC_WARN_UNUSED_VARIABLE = YES;
				MACOSX_DEPLOYMENT_TARGET = 11.3;
				MTL_ENABLE_DEBUG_INFO = INCLUDE_SOURCE;
				MTL_FAST_MATH = YES;
				ONLY_ACTIVE_ARCH = YES;
				SDKROOT = macosx;
				SWIFT_ACTIVE_COMPILATION_CONDITIONS = DEBUG;
				SWIFT_OPTIMIZATION_LEVEL = "-Onone";
			};
			name = Debug;
		};
		81F806E226F16AFC0090649D /* Release */ = {
			isa = XCBuildConfiguration;
			buildSettings = {
				ALWAYS_SEARCH_USER_PATHS = NO;
				CLANG_ANALYZER_NONNULL = YES;
				CLANG_ANALYZER_NUMBER_OBJECT_CONVERSION = YES_AGGRESSIVE;
				CLANG_CXX_LANGUAGE_STANDARD = "gnu++14";
				CLANG_CXX_LIBRARY = "libc++";
				CLANG_ENABLE_MODULES = YES;
				CLANG_ENABLE_OBJC_ARC = YES;
				CLANG_ENABLE_OBJC_WEAK = YES;
				CLANG_WARN_BLOCK_CAPTURE_AUTORELEASING = YES;
				CLANG_WARN_BOOL_CONVERSION = YES;
				CLANG_WARN_COMMA = YES;
				CLANG_WARN_CONSTANT_CONVERSION = YES;
				CLANG_WARN_DEPRECATED_OBJC_IMPLEMENTATIONS = YES;
				CLANG_WARN_DIRECT_OBJC_ISA_USAGE = YES_ERROR;
				CLANG_WARN_DOCUMENTATION_COMMENTS = YES;
				CLANG_WARN_EMPTY_BODY = YES;
				CLANG_WARN_ENUM_CONVERSION = YES;
				CLANG_WARN_INFINITE_RECURSION = YES;
				CLANG_WARN_INT_CONVERSION = YES;
				CLANG_WARN_NON_LITERAL_NULL_CONVERSION = YES;
				CLANG_WARN_OBJC_IMPLICIT_RETAIN_SELF = YES;
				CLANG_WARN_OBJC_LITERAL_CONVERSION = YES;
				CLANG_WARN_OBJC_ROOT_CLASS = YES_ERROR;
				CLANG_WARN_QUOTED_INCLUDE_IN_FRAMEWORK_HEADER = YES;
				CLANG_WARN_RANGE_LOOP_ANALYSIS = YES;
				CLANG_WARN_STRICT_PROTOTYPES = YES;
				CLANG_WARN_SUSPICIOUS_MOVE = YES;
				CLANG_WARN_UNGUARDED_AVAILABILITY = YES_AGGRESSIVE;
				CLANG_WARN_UNREACHABLE_CODE = YES;
				CLANG_WARN__DUPLICATE_METHOD_MATCH = YES;
				COPY_PHASE_STRIP = NO;
				DEBUG_INFORMATION_FORMAT = "dwarf-with-dsym";
				ENABLE_NS_ASSERTIONS = NO;
				ENABLE_STRICT_OBJC_MSGSEND = YES;
				GCC_C_LANGUAGE_STANDARD = gnu11;
				GCC_NO_COMMON_BLOCKS = YES;
				GCC_WARN_64_TO_32_BIT_CONVERSION = YES;
				GCC_WARN_ABOUT_RETURN_TYPE = YES_ERROR;
				GCC_WARN_UNDECLARED_SELECTOR = YES;
				GCC_WARN_UNINITIALIZED_AUTOS = YES_AGGRESSIVE;
				GCC_WARN_UNUSED_FUNCTION = YES;
				GCC_WARN_UNUSED_VARIABLE = YES;
				MACOSX_DEPLOYMENT_TARGET = 11.3;
				MTL_ENABLE_DEBUG_INFO = NO;
				MTL_FAST_MATH = YES;
				SDKROOT = macosx;
				SWIFT_COMPILATION_MODE = wholemodule;
				SWIFT_OPTIMIZATION_LEVEL = "-O";
			};
			name = Release;
		};
		81F806E426F16AFC0090649D /* Debug */ = {
			isa = XCBuildConfiguration;
			buildSettings = {
				ASSETCATALOG_COMPILER_APPICON_NAME = AppIcon;
				ASSETCATALOG_COMPILER_GLOBAL_ACCENT_COLOR_NAME = AccentColor;
				CODE_SIGN_ENTITLEMENTS = TheGame/TheGame.entitlements;
				CODE_SIGN_IDENTITY = "-";
				CODE_SIGN_STYLE = Automatic;
				COMBINE_HIDPI_IMAGES = YES;
				DEVELOPMENT_TEAM = 69UZH4NT2L;
				ENABLE_HARDENED_RUNTIME = YES;
				INFOPLIST_FILE = TheGame/Info.plist;
				LD_RUNPATH_SEARCH_PATHS = (
					"$(inherited)",
					"@executable_path/../Frameworks",
				);
				PRODUCT_BUNDLE_IDENTIFIER = com.boomer.TheGame;
				PRODUCT_NAME = "$(TARGET_NAME)";
				SWIFT_VERSION = 5.0;
			};
			name = Debug;
		};
		81F806E526F16AFC0090649D /* Release */ = {
			isa = XCBuildConfiguration;
			buildSettings = {
				ASSETCATALOG_COMPILER_APPICON_NAME = AppIcon;
				ASSETCATALOG_COMPILER_GLOBAL_ACCENT_COLOR_NAME = AccentColor;
				CODE_SIGN_ENTITLEMENTS = TheGame/TheGame.entitlements;
				CODE_SIGN_IDENTITY = "-";
				CODE_SIGN_STYLE = Automatic;
				COMBINE_HIDPI_IMAGES = YES;
				DEVELOPMENT_TEAM = 69UZH4NT2L;
				ENABLE_HARDENED_RUNTIME = YES;
				INFOPLIST_FILE = TheGame/Info.plist;
				LD_RUNPATH_SEARCH_PATHS = (
					"$(inherited)",
					"@executable_path/../Frameworks",
				);
				PRODUCT_BUNDLE_IDENTIFIER = com.boomer.TheGame;
				PRODUCT_NAME = "$(TARGET_NAME)";
				SWIFT_VERSION = 5.0;
			};
			name = Release;
		};
/* End XCBuildConfiguration section */

/* Begin XCConfigurationList section */
		81F806CE26F16AFA0090649D /* Build configuration list for PBXProject "TheGame" */ = {
			isa = XCConfigurationList;
			buildConfigurations = (
				81F806E126F16AFC0090649D /* Debug */,
				81F806E226F16AFC0090649D /* Release */,
			);
			defaultConfigurationIsVisible = 0;
			defaultConfigurationName = Release;
		};
		81F806E326F16AFC0090649D /* Build configuration list for PBXNativeTarget "TheGame" */ = {
			isa = XCConfigurationList;
			buildConfigurations = (
				81F806E426F16AFC0090649D /* Debug */,
				81F806E526F16AFC0090649D /* Release */,
			);
			defaultConfigurationIsVisible = 0;
			defaultConfigurationName = Release;
		};
/* End XCConfigurationList section */
	};
	rootObject = 81F806CB26F16AFA0090649D /* Project object */;
}
